# THIS IS AN AUTOGENERATED FILE. DO NOT EDIT THIS FILE DIRECTLY.
# yarn lockfile v1


nan@2.2.0:
  version "2.2.0"
  resolved "http://registry.npmjs.org/nan/-/nan-2.2.0.tgz#779c07135629503cf6a7b7e6aab33049b3c3853c"

x509@^0.3.3:
  version "0.3.3"
  resolved "https://registry.yarnpkg.com/x509/-/x509-0.3.3.tgz#6744af599906327fe444d5103b5b2cafdbe1a776"
  dependencies:
    nan "2.2.0"
